
Microsoft Visual Studio Solution File, Format Version 12.00
# Visual Studio Version 17
VisualStudioVersion = 17.6.33829.357
MinimumVisualStudioVersion = 10.0.40219.1
Project("{FAE04EC0-301F-11D3-BF4B-00C04F79EFBC}") = "Route_MVC_App.PL", "Route_MVC_App\Route_MVC_App.PL.csproj", "{462F9F26-5135-4170-BDD4-3E79D3CF341B}"
EndProject
Project("{FAE04EC0-301F-11D3-BF4B-00C04F79EFBC}") = "Route.DAL", "Route.DAL\Route.DAL.csproj", "{F88D7C67-26BB-4BE6-985E-2481B4C488F4}"
EndProject
Project("{FAE04EC0-301F-11D3-BF4B-00C04F79EFBC}") = "Route.BLL", "Route.BLL\Route.BLL.csproj", "{C17FDC0D-B590-4AA2-9ED0-2A109E2C0065}"
EndProject
Global
	GlobalSection(SolutionConfigurationPlatforms) = preSolution
		Debug|Any CPU = Debug|Any CPU
		Release|Any CPU = Release|Any CPU
	EndGlobalSection
	GlobalSection(ProjectConfigurationPlatforms) = postSolution
		{462F9F26-5135-4170-BDD4-3E79D3CF341B}.Debug|Any CPU.ActiveCfg = Debug|Any CPU
		{462F9F26-5135-4170-BDD4-3E79D3CF341B}.Debug|Any CPU.Build.0 = Debug|Any CPU
		{462F9F26-5135-4170-BDD4-3E79D3CF341B}.Release|Any CPU.ActiveCfg = Release|Any CPU
		{462F9F26-5135-4170-BDD4-3E79D3CF341B}.Release|Any CPU.Build.0 = Release|Any CPU
		{F88D7C67-26BB-4BE6-985E-2481B4C488F4}.Debug|Any CPU.ActiveCfg = Debug|Any CPU
		{F88D7C67-26BB-4BE6-985E-2481B4C488F4}.Debug|Any CPU.Build.0 = Debug|Any CPU
		{F88D7C67-26BB-4BE6-985E-2481B4C488F4}.Release|Any CPU.ActiveCfg = Release|Any CPU
		{F88D7C67-26BB-4BE6-985E-2481B4C488F4}.Release|Any CPU.Build.0 = Release|Any CPU
		{C17FDC0D-B590-4AA2-9ED0-2A109E2C0065}.Debug|Any CPU.ActiveCfg = Debug|Any CPU
		{C17FDC0D-B590-4AA2-9ED0-2A109E2C0065}.Debug|Any CPU.Build.0 = Debug|Any CPU
		{C17FDC0D-B590-4AA2-9ED0-2A109E2C0065}.Release|Any CPU.ActiveCfg = Release|Any CPU
		{C17FDC0D-B590-4AA2-9ED0-2A109E2C0065}.Release|Any CPU.Build.0 = Release|Any CPU
	EndGlobalSection
	GlobalSection(SolutionProperties) = preSolution
		HideSolutionNode = FALSE
	EndGlobalSection
	GlobalSection(ExtensibilityGlobals) = postSolution
		SolutionGuid = {34F8DB7B-CB00-4EFF-9CE0-0AF34E300DE9}
	EndGlobalSection
EndGlobal
